// !$*UTF8*$!
{
	archiveVersion = 1;
	classes = {
	};
	objectVersion = 77;
	objects = {

/* Begin PBXContainerItemProxy section */
		B77EAB902D30281E00BFAF88 /* PBXContainerItemProxy */ = {
			isa = PBXContainerItemProxy;
			containerPortal = B77EAB712D30281C00BFAF88 /* Project object */;
			proxyType = 1;
			remoteGlobalIDString = B77EAB782D30281C00BFAF88;
			remoteInfo = SmartPlantMonitor;
		};
		B77EAB9A2D30281E00BFAF88 /* PBXContainerItemProxy */ = {
			isa = PBXContainerItemProxy;
			containerPortal = B77EAB712D30281C00BFAF88 /* Project object */;
			proxyType = 1;
			remoteGlobalIDString = B77EAB782D30281C00BFAF88;
			remoteInfo = SmartPlantMonitor;
		};
/* End PBXContainerItemProxy section */

/* Begin PBXFileReference section */
		B77EAB792D30281C00BFAF88 /* SmartPlantMonitor.app */ = {isa = PBXFileReference; explicitFileType = wrapper.application; includeInIndex = 0; path = SmartPlantMonitor.app; sourceTree = BUILT_PRODUCTS_DIR; };
		B77EAB8F2D30281E00BFAF88 /* SmartPlantMonitorTests.xctest */ = {isa = PBXFileReference; explicitFileType = wrapper.cfbundle; includeInIndex = 0; path = SmartPlantMonitorTests.xctest; sourceTree = BUILT_PRODUCTS_DIR; };
		B77EAB992D30281E00BFAF88 /* SmartPlantMonitorUITests.xctest */ = {isa = PBXFileReference; explicitFileType = wrapper.cfbundle; includeInIndex = 0; path = SmartPlantMonitorUITests.xctest; sourceTree = BUILT_PRODUCTS_DIR; };
/* End PBXFileReference section */

/* Begin PBXFileSystemSynchronizedBuildFileExceptionSet section */
		B77EABA12D30281E00BFAF88 /* Exceptions for "SmartPlantMonitor" folder in "SmartPlantMonitor" target */ = {
			isa = PBXFileSystemSynchronizedBuildFileExceptionSet;
			membershipExceptions = (
				Info.plist,
			);
			target = B77EAB782D30281C00BFAF88 /* SmartPlantMonitor */;
		};
/* End PBXFileSystemSynchronizedBuildFileExceptionSet section */

/* Begin PBXFileSystemSynchronizedRootGroup section */
		B77EAB7B2D30281C00BFAF88 /* SmartPlantMonitor */ = {
			isa = PBXFileSystemSynchronizedRootGroup;
			exceptions = (
				B77EABA12D30281E00BFAF88 /* Exceptions for "SmartPlantMonitor" folder in "SmartPlantMonitor" target */,
			);
			path = SmartPlantMonitor;
			sourceTree = "<group>";
		};
		B77EAB922D30281E00BFAF88 /* SmartPlantMonitorTests */ = {
			isa = PBXFileSystemSynchronizedRootGroup;
			path = SmartPlantMonitorTests;
			sourceTree = "<group>";
		};
		B77EAB9C2D30281E00BFAF88 /* SmartPlantMonitorUITests */ = {
			isa = PBXFileSystemSynchronizedRootGroup;
			path = SmartPlantMonitorUITests;
			sourceTree = "<group>";
		};
/* End PBXFileSystemSynchronizedRootGroup section */

/* Begin PBXFrameworksBuildPhase section */
		B77EAB762D30281C00BFAF88 /* Frameworks */ = {
			isa = PBXFrameworksBuildPhase;
			buildActionMask = 2147483647;
			files = (
			);
			runOnlyForDeploymentPostprocessing = 0;
		};
		B77EAB8C2D30281E00BFAF88 /* Frameworks */ = {
			isa = PBXFrameworksBuildPhase;
			buildActionMask = 2147483647;
			files = (
			);
			runOnlyForDeploymentPostprocessing = 0;
		};
		B77EAB962D30281E00BFAF88 /* Frameworks */ = {
			isa = PBXFrameworksBuildPhase;
			buildActionMask = 2147483647;
			files = (
			);
			runOnlyForDeploymentPostprocessing = 0;
		};
/* End PBXFrameworksBuildPhase section */

/* Begin PBXGroup section */
		B77EAB702D30281C00BFAF88 = {
			isa = PBXGroup;
			children = (
				B77EAB7B2D30281C00BFAF88 /* SmartPlantMonitor */,
				B77EAB922D30281E00BFAF88 /* SmartPlantMonitorTests */,
				B77EAB9C2D30281E00BFAF88 /* SmartPlantMonitorUITests */,
				B77EAB7A2D30281C00BFAF88 /* Products */,
			);
			sourceTree = "<group>";
		};
		B77EAB7A2D30281C00BFAF88 /* Products */ = {
			isa = PBXGroup;
			children = (
				B77EAB792D30281C00BFAF88 /* SmartPlantMonitor.app */,
				B77EAB8F2D30281E00BFAF88 /* SmartPlantMonitorTests.xctest */,
				B77EAB992D30281E00BFAF88 /* SmartPlantMonitorUITests.xctest */,
			);
			name = Products;
			sourceTree = "<group>";
		};
/* End PBXGroup section */

/* Begin PBXNativeTarget section */
		B77EAB782D30281C00BFAF88 /* SmartPlantMonitor */ = {
			isa = PBXNativeTarget;
			buildConfigurationList = B77EABA22D30281E00BFAF88 /* Build configuration list for PBXNativeTarget "SmartPlantMonitor" */;
			buildPhases = (
				B77EAB752D30281C00BFAF88 /* Sources */,
				B77EAB762D30281C00BFAF88 /* Frameworks */,
				B77EAB772D30281C00BFAF88 /* Resources */,
			);
			buildRules = (
			);
			dependencies = (
			);
			fileSystemSynchronizedGroups = (
				B77EAB7B2D30281C00BFAF88 /* SmartPlantMonitor */,
			);
			name = SmartPlantMonitor;
			packageProductDependencies = (
			);
			productName = SmartPlantMonitor;
			productReference = B77EAB792D30281C00BFAF88 /* SmartPlantMonitor.app */;
			productType = "com.apple.product-type.application";
		};
		B77EAB8E2D30281E00BFAF88 /* SmartPlantMonitorTests */ = {
			isa = PBXNativeTarget;
			buildConfigurationList = B77EABA72D30281E00BFAF88 /* Build configuration list for PBXNativeTarget "SmartPlantMonitorTests" */;
			buildPhases = (
				B77EAB8B2D30281E00BFAF88 /* Sources */,
				B77EAB8C2D30281E00BFAF88 /* Frameworks */,
				B77EAB8D2D30281E00BFAF88 /* Resources */,
			);
			buildRules = (
			);
			dependencies = (
				B77EAB912D30281E00BFAF88 /* PBXTargetDependency */,
			);
			fileSystemSynchronizedGroups = (
				B77EAB922D30281E00BFAF88 /* SmartPlantMonitorTests */,
			);
			name = SmartPlantMonitorTests;
			packageProductDependencies = (
			);
			productName = SmartPlantMonitorTests;
			productReference = B77EAB8F2D30281E00BFAF88 /* SmartPlantMonitorTests.xctest */;
			productType = "com.apple.product-type.bundle.unit-test";
		};
		B77EAB982D30281E00BFAF88 /* SmartPlantMonitorUITests */ = {
			isa = PBXNativeTarget;
			buildConfigurationList = B77EABAA2D30281E00BFAF88 /* Build configuration list for PBXNativeTarget "SmartPlantMonitorUITests" */;
			buildPhases = (
				B77EAB952D30281E00BFAF88 /* Sources */,
				B77EAB962D30281E00BFAF88 /* Frameworks */,
				B77EAB972D30281E00BFAF88 /* Resources */,
			);
			buildRules = (
			);
			dependencies = (
				B77EAB9B2D30281E00BFAF88 /* PBXTargetDependency */,
			);
			fileSystemSynchronizedGroups = (
				B77EAB9C2D30281E00BFAF88 /* SmartPlantMonitorUITests */,
			);
			name = SmartPlantMonitorUITests;
			packageProductDependencies = (
			);
			productName = SmartPlantMonitorUITests;
			productReference = B77EAB992D30281E00BFAF88 /* SmartPlantMonitorUITests.xctest */;
			productType = "com.apple.product-type.bundle.ui-testing";
		};
/* End PBXNativeTarget section */

/* Begin PBXProject section */
		B77EAB712D30281C00BFAF88 /* Project object */ = {
			isa = PBXProject;
			attributes = {
				BuildIndependentTargetsInParallel = 1;
				LastSwiftUpdateCheck = 1620;
				LastUpgradeCheck = 1620;
				TargetAttributes = {
					B77EAB782D30281C00BFAF88 = {
						CreatedOnToolsVersion = 16.2;
					};
					B77EAB8E2D30281E00BFAF88 = {
						CreatedOnToolsVersion = 16.2;
						TestTargetID = B77EAB782D30281C00BFAF88;
					};
					B77EAB982D30281E00BFAF88 = {
						CreatedOnToolsVersion = 16.2;
						TestTargetID = B77EAB782D30281C00BFAF88;
					};
				};
			};
			buildConfigurationList = B77EAB742D30281C00BFAF88 /* Build configuration list for PBXProject "SmartPlantMonitor" */;
			developmentRegion = en;
			hasScannedForEncodings = 0;
			knownRegions = (
				en,
				Base,
			);
			mainGroup = B77EAB702D30281C00BFAF88;
			minimizedProjectReferenceProxies = 1;
			preferredProjectObjectVersion = 77;
			productRefGroup = B77EAB7A2D30281C00BFAF88 /* Products */;
			projectDirPath = "";
			projectRoot = "";
			targets = (
				B77EAB782D30281C00BFAF88 /* SmartPlantMonitor */,
				B77EAB8E2D30281E00BFAF88 /* SmartPlantMonitorTests */,
				B77EAB982D30281E00BFAF88 /* SmartPlantMonitorUITests */,
			);
		};
/* End PBXProject section */

/* Begin PBXResourcesBuildPhase section */
		B77EAB772D30281C00BFAF88 /* Resources */ = {
			isa = PBXResourcesBuildPhase;
			buildActionMask = 2147483647;
			files = (
			);
			runOnlyForDeploymentPostprocessing = 0;
		};
		B77EAB8D2D30281E00BFAF88 /* Resources */ = {
			isa = PBXResourcesBuildPhase;
			buildActionMask = 2147483647;
			files = (
			);
			runOnlyForDeploymentPostprocessing = 0;
		};
		B77EAB972D30281E00BFAF88 /* Resources */ = {
			isa = PBXResourcesBuildPhase;
			buildActionMask = 2147483647;
			files = (
			);
			runOnlyForDeploymentPostprocessing = 0;
		};
/* End PBXResourcesBuildPhase section */

/* Begin PBXSourcesBuildPhase section */
		B77EAB752D30281C00BFAF88 /* Sources */ = {
			isa = PBXSourcesBuildPhase;
			buildActionMask = 2147483647;
			files = (
			);
			runOnlyForDeploymentPostprocessing = 0;
		};
		B77EAB8B2D30281E00BFAF88 /* Sources */ = {
			isa = PBXSourcesBuildPhase;
			buildActionMask = 2147483647;
			files = (
			);
			runOnlyForDeploymentPostprocessing = 0;
		};
		B77EAB952D30281E00BFAF88 /* Sources */ = {
			isa = PBXSourcesBuildPhase;
			buildActionMask = 2147483647;
			files = (
			);
			runOnlyForDeploymentPostprocessing = 0;
		};
/* End PBXSourcesBuildPhase section */

/* Begin PBXTargetDependency section */
		B77EAB912D30281E00BFAF88 /* PBXTargetDependency */ = {
			isa = PBXTargetDependency;
			target = B77EAB782D30281C00BFAF88 /* SmartPlantMonitor */;
			targetProxy = B77EAB902D30281E00BFAF88 /* PBXContainerItemProxy */;
		};
		B77EAB9B2D30281E00BFAF88 /* PBXTargetDependency */ = {
			isa = PBXTargetDependency;
			target = B77EAB782D30281C00BFAF88 /* SmartPlantMonitor */;
			targetProxy = B77EAB9A2D30281E00BFAF88 /* PBXContainerItemProxy */;
		};
/* End PBXTargetDependency section */

/* Begin XCBuildConfiguration section */
		B77EABA32D30281E00BFAF88 /* Debug */ = {
			isa = XCBuildConfiguration;
			buildSettings = {
				ASSETCATALOG_COMPILER_APPICON_NAME = AppIcon;
				ASSETCATALOG_COMPILER_GLOBAL_ACCENT_COLOR_NAME = AccentColor;
				CODE_SIGN_STYLE = Automatic;
				CURRENT_PROJECT_VERSION = 1;
				DEVELOPMENT_TEAM = 3LDQDNA528;
				GENERATE_INFOPLIST_FILE = YES;
				INFOPLIST_FILE = SmartPlantMonitor/Info.plist;
				INFOPLIST_KEY_CFBundleDisplayName = "Plant Monitor";
				INFOPLIST_KEY_LSApplicationCategoryType = "public.app-category.utilities";
				INFOPLIST_KEY_UIApplicationSupportsIndirectInputEvents = YES;
				INFOPLIST_KEY_UILaunchStoryboardName = LaunchScreen;
				INFOPLIST_KEY_UIMainStoryboardFile = Main;
				INFOPLIST_KEY_UISupportedInterfaceOrientations = UIInterfaceOrientationPortrait;
				INFOPLIST_KEY_UISupportedInterfaceOrientations_iPad = "UIInterfaceOrientationLandscapeLeft UIInterfaceOrientationLandscapeRight UIInterfaceOrientationPortrait UIInterfaceOrientationPortraitUpsideDown";
				IPHONEOS_DEPLOYMENT_TARGET = 15.6;
				LD_RUNPATH_SEARCH_PATHS = (
					"$(inherited)",
					"@executable_path/Frameworks",
				);
				MARKETING_VERSION = 1.0;
				PRODUCT_BUNDLE_IDENTIFIER = MyScience.SmartPlantMonitor;
				PRODUCT_NAME = "$(TARGET_NAME)";
				SWIFT_EMIT_LOC_STRINGS = YES;
				SWIFT_VERSION = 5.0;
				TARGETED_DEVICE_FAMILY = "1,2";
			};
			name = Debug;
		};
		B77EABA42D30281E00BFAF88 /* Release */ = {
			isa = XCBuildConfiguration;
			buildSettings = {
				ASSETCATALOG_COMPILER_APPICON_NAME = AppIcon;
				ASSETCATALOG_COMPILER_GLOBAL_ACCENT_COLOR_NAME = AccentColor;
				CODE_SIGN_STYLE = Automatic;
				CURRENT_PROJECT_VERSION = 1;
				DEVELOPMENT_TEAM = 3LDQDNA528;
				GENERATE_INFOPLIST_FILE = YES;
				INFOPLIST_FILE = SmartPlantMonitor/Info.plist;
				INFOPLIST_KEY_CFBundleDisplayName = "Plant Monitor";
				INFOPLIST_KEY_LSApplicationCategoryType = "public.app-category.utilities";
				INFOPLIST_KEY_UIApplicationSupportsIndirectInputEvents = YES;
				INFOPLIST_KEY_UILaunchStoryboardName = LaunchScreen;
				INFOPLIST_KEY_UIMainStoryboardFile = Main;
				INFOPLIST_KEY_UISupportedInterfaceOrientations = UIInterfaceOrientationPortrait;
				INFOPLIST_KEY_UISupportedInterfaceOrientations_iPad = "UIInterfaceOrientationLandscapeLeft UIInterfaceOrientationLandscapeRight UIInterfaceOrientationPortrait UIInterfaceOrientationPortraitUpsideDown";
				IPHONEOS_DEPLOYMENT_TARGET = 15.6;
				LD_RUNPATH_SEARCH_PATHS = (
					"$(inherited)",
					"@executable_path/Frameworks",
				);
				MARKETING_VERSION = 1.0;
				PRODUCT_BUNDLE_IDENTIFIER = MyScience.SmartPlantMonitor;
				PRODUCT_NAME = "$(TARGET_NAME)";
				SWIFT_EMIT_LOC_STRINGS = YES;
				SWIFT_VERSION = 5.0;
				TARGETED_DEVICE_FAMILY = "1,2";
			};
			name = Release;
		};
		B77EABA52D30281E00BFAF88 /* Debug */ = {
			isa = XCBuildConfiguration;
			buildSettings = {
				ALWAYS_SEARCH_USER_PATHS = NO;
				ASSETCATALOG_COMPILER_GENERATE_SWIFT_ASSET_SYMBOL_EXTENSIONS = YES;
				CLANG_ANALYZER_NONNULL = YES;
				CLANG_ANALYZER_NUMBER_OBJECT_CONVERSION = YES_AGGRESSIVE;
				CLANG_CXX_LANGUAGE_STANDARD = "gnu++20";
				CLANG_ENABLE_MODULES = YES;
				CLANG_ENABLE_OBJC_ARC = YES;
				CLANG_ENABLE_OBJC_WEAK = YES;
				CLANG_WARN_BLOCK_CAPTURE_AUTORELEASING = YES;
				CLANG_WARN_BOOL_CONVERSION = YES;
				CLANG_WARN_COMMA = YES;
				CLANG_WARN_CONSTANT_CONVERSION = YES;
				CLANG_WARN_DEPRECATED_OBJC_IMPLEMENTATIONS = YES;
				CLANG_WARN_DIRECT_OBJC_ISA_USAGE = YES_ERROR;
				CLANG_WARN_DOCUMENTATION_COMMENTS = YES;
				CLANG_WARN_EMPTY_BODY = YES;
				CLANG_WARN_ENUM_CONVERSION = YES;
				CLANG_WARN_INFINITE_RECURSION = YES;
				CLANG_WARN_INT_CONVERSION = YES;
				CLANG_WARN_NON_LITERAL_NULL_CONVERSION = YES;
				CLANG_WARN_OBJC_IMPLICIT_RETAIN_SELF = YES;
				CLANG_WARN_OBJC_LITERAL_CONVERSION = YES;
				CLANG_WARN_OBJC_ROOT_CLASS = YES_ERROR;
				CLANG_WARN_QUOTED_INCLUDE_IN_FRAMEWORK_HEADER = YES;
				CLANG_WARN_RANGE_LOOP_ANALYSIS = YES;
				CLANG_WARN_STRICT_PROTOTYPES = YES;
				CLANG_WARN_SUSPICIOUS_MOVE = YES;
				CLANG_WARN_UNGUARDED_AVAILABILITY = YES_AGGRESSIVE;
				CLANG_WARN_UNREACHABLE_CODE = YES;
				CLANG_WARN__DUPLICATE_METHOD_MATCH = YES;
				COPY_PHASE_STRIP = NO;
				DEBUG_INFORMATION_FORMAT = dwarf;
				ENABLE_STRICT_OBJC_MSGSEND = YES;
				ENABLE_TESTABILITY = YES;
				ENABLE_USER_SCRIPT_SANDBOXING = YES;
				GCC_C_LANGUAGE_STANDARD = gnu17;
				GCC_DYNAMIC_NO_PIC = NO;
				GCC_NO_COMMON_BLOCKS = YES;
				GCC_OPTIMIZATION_LEVEL = 0;
				GCC_PREPROCESSOR_DEFINITIONS = (
					"DEBUG=1",
					"$(inherited)",
				);
				GCC_WARN_64_TO_32_BIT_CONVERSION = YES;
				GCC_WARN_ABOUT_RETURN_TYPE = YES_ERROR;
				GCC_WARN_UNDECLARED_SELECTOR = YES;
				GCC_WARN_UNINITIALIZED_AUTOS = YES_AGGRESSIVE;
				GCC_WARN_UNUSED_FUNCTION = YES;
				GCC_WARN_UNUSED_VARIABLE = YES;
				IPHONEOS_DEPLOYMENT_TARGET = 18.2;
				LOCALIZATION_PREFERS_STRING_CATALOGS = YES;
				MTL_ENABLE_DEBUG_INFO = INCLUDE_SOURCE;
				MTL_FAST_MATH = YES;
				ONLY_ACTIVE_ARCH = YES;
				SDKROOT = iphoneos;
				SWIFT_ACTIVE_COMPILATION_CONDITIONS = "DEBUG $(inherited)";
				SWIFT_OPTIMIZATION_LEVEL = "-Onone";
			};
			name = Debug;
		};
		B77EABA62D30281E00BFAF88 /* Release */ = {
			isa = XCBuildConfiguration;
			buildSettings = {
				ALWAYS_SEARCH_USER_PATHS = NO;
				ASSETCATALOG_COMPILER_GENERATE_SWIFT_ASSET_SYMBOL_EXTENSIONS = YES;
				CLANG_ANALYZER_NONNULL = YES;
				CLANG_ANALYZER_NUMBER_OBJECT_CONVERSION = YES_AGGRESSIVE;
				CLANG_CXX_LANGUAGE_STANDARD = "gnu++20";
				CLANG_ENABLE_MODULES = YES;
				CLANG_ENABLE_OBJC_ARC = YES;
				CLANG_ENABLE_OBJC_WEAK = YES;
				CLANG_WARN_BLOCK_CAPTURE_AUTORELEASING = YES;
				CLANG_WARN_BOOL_CONVERSION = YES;
				CLANG_WARN_COMMA = YES;
				CLANG_WARN_CONSTANT_CONVERSION = YES;
				CLANG_WARN_DEPRECATED_OBJC_IMPLEMENTATIONS = YES;
				CLANG_WARN_DIRECT_OBJC_ISA_USAGE = YES_ERROR;
				CLANG_WARN_DOCUMENTATION_COMMENTS = YES;
				CLANG_WARN_EMPTY_BODY = YES;
				CLANG_WARN_ENUM_CONVERSION = YES;
				CLANG_WARN_INFINITE_RECURSION = YES;
				CLANG_WARN_INT_CONVERSION = YES;
				CLANG_WARN_NON_LITERAL_NULL_CONVERSION = YES;
				CLANG_WARN_OBJC_IMPLICIT_RETAIN_SELF = YES;
				CLANG_WARN_OBJC_LITERAL_CONVERSION = YES;
				CLANG_WARN_OBJC_ROOT_CLASS = YES_ERROR;
				CLANG_WARN_QUOTED_INCLUDE_IN_FRAMEWORK_HEADER = YES;
				CLANG_WARN_RANGE_LOOP_ANALYSIS = YES;
				CLANG_WARN_STRICT_PROTOTYPES = YES;
				CLANG_WARN_SUSPICIOUS_MOVE = YES;
				CLANG_WARN_UNGUARDED_AVAILABILITY = YES_AGGRESSIVE;
				CLANG_WARN_UNREACHABLE_CODE = YES;
				CLANG_WARN__DUPLICATE_METHOD_MATCH = YES;
				COPY_PHASE_STRIP = NO;
				DEBUG_INFORMATION_FORMAT = "dwarf-with-dsym";
				ENABLE_NS_ASSERTIONS = NO;
				ENABLE_STRICT_OBJC_MSGSEND = YES;
				ENABLE_USER_SCRIPT_SANDBOXING = YES;
				GCC_C_LANGUAGE_STANDARD = gnu17;
				GCC_NO_COMMON_BLOCKS = YES;
				GCC_WARN_64_TO_32_BIT_CONVERSION = YES;
				GCC_WARN_ABOUT_RETURN_TYPE = YES_ERROR;
				GCC_WARN_UNDECLARED_SELECTOR = YES;
				GCC_WARN_UNINITIALIZED_AUTOS = YES_AGGRESSIVE;
				GCC_WARN_UNUSED_FUNCTION = YES;
				GCC_WARN_UNUSED_VARIABLE = YES;
				IPHONEOS_DEPLOYMENT_TARGET = 18.2;
				LOCALIZATION_PREFERS_STRING_CATALOGS = YES;
				MTL_ENABLE_DEBUG_INFO = NO;
				MTL_FAST_MATH = YES;
				SDKROOT = iphoneos;
				SWIFT_COMPILATION_MODE = wholemodule;
				VALIDATE_PRODUCT = YES;
			};
			name = Release;
		};
		B77EABA82D30281E00BFAF88 /* Debug */ = {
			isa = XCBuildConfiguration;
			buildSettings = {
				BUNDLE_LOADER = "$(TEST_HOST)";
				CODE_SIGN_STYLE = Automatic;
				CURRENT_PROJECT_VERSION = 1;
				DEVELOPMENT_TEAM = 3LDQDNA528;
				GENERATE_INFOPLIST_FILE = YES;
				IPHONEOS_DEPLOYMENT_TARGET = 18.2;
				MARKETING_VERSION = 1.0;
				PRODUCT_BUNDLE_IDENTIFIER = MyScience.SmartPlantMonitorTests;
				PRODUCT_NAME = "$(TARGET_NAME)";
				SWIFT_EMIT_LOC_STRINGS = NO;
				SWIFT_VERSION = 5.0;
				TARGETED_DEVICE_FAMILY = "1,2";
				TEST_HOST = "$(BUILT_PRODUCTS_DIR)/SmartPlantMonitor.app/$(BUNDLE_EXECUTABLE_FOLDER_PATH)/SmartPlantMonitor";
			};
			name = Debug;
		};
		B77EABA92D30281E00BFAF88 /* Release */ = {
			isa = XCBuildConfiguration;
			buildSettings = {
				BUNDLE_LOADER = "$(TEST_HOST)";
				CODE_SIGN_STYLE = Automatic;
				CURRENT_PROJECT_VERSION = 1;
				DEVELOPMENT_TEAM = 3LDQDNA528;
				GENERATE_INFOPLIST_FILE = YES;
				IPHONEOS_DEPLOYMENT_TARGET = 18.2;
				MARKETING_VERSION = 1.0;
				PRODUCT_BUNDLE_IDENTIFIER = MyScience.SmartPlantMonitorTests;
				PRODUCT_NAME = "$(TARGET_NAME)";
				SWIFT_EMIT_LOC_STRINGS = NO;
				SWIFT_VERSION = 5.0;
				TARGETED_DEVICE_FAMILY = "1,2";
				TEST_HOST = "$(BUILT_PRODUCTS_DIR)/SmartPlantMonitor.app/$(BUNDLE_EXECUTABLE_FOLDER_PATH)/SmartPlantMonitor";
			};
			name = Release;
		};
		B77EABAB2D30281E00BFAF88 /* Debug */ = {
			isa = XCBuildConfiguration;
			buildSettings = {
				CODE_SIGN_STYLE = Automatic;
				CURRENT_PROJECT_VERSION = 1;
				DEVELOPMENT_TEAM = 3LDQDNA528;
				GENERATE_INFOPLIST_FILE = YES;
				MARKETING_VERSION = 1.0;
				PRODUCT_BUNDLE_IDENTIFIER = MyScience.SmartPlantMonitorUITests;
				PRODUCT_NAME = "$(TARGET_NAME)";
				SWIFT_EMIT_LOC_STRINGS = NO;
				SWIFT_VERSION = 5.0;
				TARGETED_DEVICE_FAMILY = "1,2";
				TEST_TARGET_NAME = SmartPlantMonitor;
			};
			name = Debug;
		};
		B77EABAC2D30281E00BFAF88 /* Release */ = {
			isa = XCBuildConfiguration;
			buildSettings = {
				CODE_SIGN_STYLE = Automatic;
				CURRENT_PROJECT_VERSION = 1;
				DEVELOPMENT_TEAM = 3LDQDNA528;
				GENERATE_INFOPLIST_FILE = YES;
				MARKETING_VERSION = 1.0;
				PRODUCT_BUNDLE_IDENTIFIER = MyScience.SmartPlantMonitorUITests;
				PRODUCT_NAME = "$(TARGET_NAME)";
				SWIFT_EMIT_LOC_STRINGS = NO;
				SWIFT_VERSION = 5.0;
				TARGETED_DEVICE_FAMILY = "1,2";
				TEST_TARGET_NAME = SmartPlantMonitor;
			};
			name = Release;
		};
/* End XCBuildConfiguration section */

/* Begin XCConfigurationList section */
		B77EAB742D30281C00BFAF88 /* Build configuration list for PBXProject "SmartPlantMonitor" */ = {
			isa = XCConfigurationList;
			buildConfigurations = (
				B77EABA52D30281E00BFAF88 /* Debug */,
				B77EABA62D30281E00BFAF88 /* Release */,
			);
			defaultConfigurationIsVisible = 0;
			defaultConfigurationName = Release;
		};
		B77EABA22D30281E00BFAF88 /* Build configuration list for PBXNativeTarget "SmartPlantMonitor" */ = {
			isa = XCConfigurationList;
			buildConfigurations = (
				B77EABA32D30281E00BFAF88 /* Debug */,
				B77EABA42D30281E00BFAF88 /* Release */,
			);
			defaultConfigurationIsVisible = 0;
			defaultConfigurationName = Release;
		};
		B77EABA72D30281E00BFAF88 /* Build configuration list for PBXNativeTarget "SmartPlantMonitorTests" */ = {
			isa = XCConfigurationList;
			buildConfigurations = (
				B77EABA82D30281E00BFAF88 /* Debug */,
				B77EABA92D30281E00BFAF88 /* Release */,
			);
			defaultConfigurationIsVisible = 0;
			defaultConfigurationName = Release;
		};
		B77EABAA2D30281E00BFAF88 /* Build configuration list for PBXNativeTarget "SmartPlantMonitorUITests" */ = {
			isa = XCConfigurationList;
			buildConfigurations = (
				B77EABAB2D30281E00BFAF88 /* Debug */,
				B77EABAC2D30281E00BFAF88 /* Release */,
			);
			defaultConfigurationIsVisible = 0;
			defaultConfigurationName = Release;
		};
/* End XCConfigurationList section */
	};
	rootObject = B77EAB712D30281C00BFAF88 /* Project object */;
}
